Microsoft Visual Studio Solution File, Format Version 12.00
# Visual Studio Version 17
VisualStudioVersion = 17.0.31903.59
MinimumVisualStudioVersion = 10.0.40219.1
Project("{9A19103F-16F7-4668-BE54-9A1E7A4F7556}") = "MindMap.Core", "src\MindMap.Core\MindMap.Core.csproj", "{3A1D0D1B-9A2E-4C7E-9A61-0E2B7C6C0001}"
EndProject
Project("{9A19103F-16F7-4668-BE54-9A1E7A4F7556}") = "MindMap.App", "src\MindMap.App\MindMap.App.csproj", "{3A1D0D1B-9A2E-4C7E-9A61-0E2B7C6C0002}"
EndProject
Project("{9A19103F-16F7-4668-BE54-9A1E7A4F7556}") = "MindMap.Desktop", "src\MindMap.Desktop\MindMap.Desktop.csproj", "{3A1D0D1B-9A2E-4C7E-9A61-0E2B7C6C0003}"
EndProject
Global
	GlobalSection(SolutionConfigurationPlatforms) = preSolution
		Debug|Any CPU = Debug|Any CPU
		Release|Any CPU = Release|Any CPU
	EndGlobalSection
	GlobalSection(ProjectConfigurationPlatforms) = postSolution
		{3A1D0D1B-9A2E-4C7E-9A61-0E2B7C6C0001}.Debug|Any CPU.ActiveCfg = Debug|Any CPU
		{3A1D0D1B-9A2E-4C7E-9A61-0E2B7C6C0001}.Debug|Any CPU.Build.0 = Debug|Any CPU
		{3A1D0D1B-9A2E-4C7E-9A61-0E2B7C6C0001}.Release|Any CPU.ActiveCfg = Release|Any CPU
		{3A1D0D1B-9A2E-4C7E-9A61-0E2B7C6C0001}.Release|Any CPU.Build.0 = Release|Any CPU
		{3A1D0D1B-9A2E-4C7E-9A61-0E2B7C6C0002}.Debug|Any CPU.ActiveCfg = Debug|Any CPU
		{3A1D0D1B-9A2E-4C7E-9A61-0E2B7C6C0002}.Debug|Any CPU.Build.0 = Debug|Any CPU
		{3A1D0D1B-9A2E-4C7E-9A61-0E2B7C6C0002}.Release|Any CPU.ActiveCfg = Release|Any CPU
		{3A1D0D1B-9A2E-4C7E-9A61-0E2B7C6C0002}.Release|Any CPU.Build.0 = Release|Any CPU
		{3A1D0D1B-9A2E-4C7E-9A61-0E2B7C6C0003}.Debug|Any CPU.ActiveCfg = Debug|Any CPU
		{3A1D0D1B-9A2E-4C7E-9A61-0E2B7C6C0003}.Debug|Any CPU.Build.0 = Debug|Any CPU
		{3A1D0D1B-9A2E-4C7E-9A61-0E2B7C6C0003}.Release|Any CPU.ActiveCfg = Release|Any CPU
		{3A1D0D1B-9A2E-4C7E-9A61-0E2B7C6C0003}.Release|Any CPU.Build.0 = Release|Any CPU
	EndGlobalSection
EndGlobal
